{
  "name": "vorto-mapping-utility",
  "version": "0.10.1",
  "lockfileVersion": 1,
  "requires": true,
  "dependencies": {
    "fontoxpath": {
      "version": "3.3.0",
      "resolved": "https://registry.npmjs.org/fontoxpath/-/fontoxpath-3.3.0.tgz",
      "integrity": "sha512-ejqH+JNIdfP08FWAIFBCqk4m8uWxzAUljqrg2F6sTnfa+X7M+5v1LKKfF4Nk5naZlqIX6C3GbN332Wz9hZyAeA=="
    },
    "loglevel": {
      "version": "1.6.1",
      "resolved": "https://registry.npmjs.org/loglevel/-/loglevel-1.6.1.tgz",
      "integrity": "sha1-4PyVEztu8nbNyIh82vJKpvFW+Po="
    },
    "sax": {
      "version": "1.2.4",
      "resolved": "https://registry.npmjs.org/sax/-/sax-1.2.4.tgz",
      "integrity": "sha512-NqVDv9TpANUjFm0N8uM5GxL36UgKi9/atZw+x7YFnQ8ckwFGKrl4xX4yWtrey3UJm5nP1kUbnYgLopqWNSRhWw=="
    },
    "saxes": {
      "version": "3.1.9",
      "resolved": "https://registry.npmjs.org/saxes/-/saxes-3.1.9.tgz",
      "integrity": "sha512-FZeKhJglhJHk7eWG5YM0z46VHmI3KJpMBAQm3xa9meDvd+wevB5GuBB0wc0exPInZiBBHqi00DbS8AcvCGCFMw==",
      "requires": {
        "xmlchars": "^1.3.1"
      }
    },
    "slimdom": {
      "version": "2.2.1",
      "resolved": "https://registry.npmjs.org/slimdom/-/slimdom-2.2.1.tgz",
      "integrity": "sha512-l59D20IBfMoUiOjhewMDARMr4U+zjpvk7aBJ26nSM5e/pcWUZvONOqOCs890BipMtCvKI21zlYaLMhe6pmEm/g=="
    },
    "slimdom-sax-parser": {
      "version": "1.1.3",
      "resolved": "https://registry.npmjs.org/slimdom-sax-parser/-/slimdom-sax-parser-1.1.3.tgz",
      "integrity": "sha512-yyFAJ5ek24sB0mDeKvsU0MKTEb1PULrKLbxGceJftRGnUkjTVovOk2nycdwEUcZKoJ9vc7a5uPWbMCiq4VRU2g==",
      "requires": {
        "saxes": "^3.1.1",
        "slimdom": "^2.1.0"
      }
    },
    "xml-js": {
      "version": "1.6.11",
      "resolved": "https://registry.npmjs.org/xml-js/-/xml-js-1.6.11.tgz",
      "integrity": "sha512-7rVi2KMfwfWFl+GpPg6m80IVMWXLRjO+PxTq7V2CDhoGak0wzYzFgUY2m4XJ47OGdXd8eLE8EmwfAmdjw7lC1g==",
      "requires": {
        "sax": "^1.2.4"
      }
    },
    "xmlchars": {
      "version": "1.3.1",
      "resolved": "https://registry.npmjs.org/xmlchars/-/xmlchars-1.3.1.tgz",
      "integrity": "sha512-tGkGJkN8XqCod7OT+EvGYK5Z4SfDQGD30zAa58OcnAa0RRWgzUEK72tkXhsX1FZd+rgnhRxFtmO+ihkp8LHSkw=="
    },
    "xmldom": {
      "version": "0.1.27",
      "resolved": "https://registry.npmjs.org/xmldom/-/xmldom-0.1.27.tgz",
      "integrity": "sha1-1QH5ezvbQDr4757MIFcxh6rawOk="
    },
    "xpath": {
      "version": "0.0.27",
      "resolved": "https://registry.npmjs.org/xpath/-/xpath-0.0.27.tgz",
      "integrity": "sha512-fg03WRxtkCV6ohClePNAECYsmpKKTv5L8y/X3Dn1hQrec3POx2jHZ/0P2qQ6HvsrU1BmeqXcof3NGGueG6LxwQ=="
    }
  }
}
